// !$*UTF8*$!
{
	archiveVersion = 1;
	classes = {
	};
	objectVersion = 56;
	objects = {

/* Begin PBXBuildFile section */
		59D3C77820A322F721520814 /* AskTheDuckApp.swift in Sources */ = {isa = PBXBuildFile; fileRef = 8F26E9E8385C36DFAE3BD0EA /* AskTheDuckApp.swift */; };
		5839F4B615BD0DC46C7E895B /* PoolDuckTheme.swift in Sources */ = {isa = PBXBuildFile; fileRef = 465E2BB31CFCB3EDA0DF92A2 /* PoolDuckTheme.swift */; };
		AFB181850FFC861FE9F23552 /* ProblemType.swift in Sources */ = {isa = PBXBuildFile; fileRef = 32380C1137A2701F3E0E3B67 /* ProblemType.swift */; };
		0B5915944A00865A3FCB13B4 /* Message.swift in Sources */ = {isa = PBXBuildFile; fileRef = DE7544278A8AFFDD70EA0B45 /* Message.swift */; };
		C6EC3E0624C4D37C839812F3 /* CustomerInfo.swift in Sources */ = {isa = PBXBuildFile; fileRef = E70E80400227692E6DC7EC46 /* CustomerInfo.swift */; };
		979620C527ED3696BA0EFF45 /* Ticket.swift in Sources */ = {isa = PBXBuildFile; fileRef = 0CAC090ECCC0B4EE85F7C412 /* Ticket.swift */; };
		38D42484CF476EC1A7B6BE2D /* ClaudeService.swift in Sources */ = {isa = PBXBuildFile; fileRef = 1BD96814FD25CDDE9C90E814 /* ClaudeService.swift */; };
		42B12FBDB19DD3C6E3ABD7A4 /* SpeechService.swift in Sources */ = {isa = PBXBuildFile; fileRef = 2705BF3B65510B3E234FD525 /* SpeechService.swift */; };
		0CEAD260A3C4677E64D41009 /* AuthService.swift in Sources */ = {isa = PBXBuildFile; fileRef = 77B96BBDF7CA61B0FFEC8F5C /* AuthService.swift */; };
		57EC58804C53D1762113E9C9 /* MediaService.swift in Sources */ = {isa = PBXBuildFile; fileRef = 0CDBFB955A6AC9E18CD80534 /* MediaService.swift */; };
		8C4356AFED0D871BF2F45A1A /* TicketStore.swift in Sources */ = {isa = PBXBuildFile; fileRef = 2F7DF6F0474D1273543C456A /* TicketStore.swift */; };
		49793D74BD4C39D8879FBA5A /* AuthViewModel.swift in Sources */ = {isa = PBXBuildFile; fileRef = 9AC3B7194800365B8C4B44FB /* AuthViewModel.swift */; };
		09EB9E4D01FE612D3CA5CC50 /* ChatViewModel.swift in Sources */ = {isa = PBXBuildFile; fileRef = 28C55913A835231D88924923 /* ChatViewModel.swift */; };
		A6514E5802D1276DB83E8D4F /* AdminViewModel.swift in Sources */ = {isa = PBXBuildFile; fileRef = 29F7A74C7B076D15C1C5D761 /* AdminViewModel.swift */; };
		CFB7565F7DCFB9B826B481E0 /* LoginView.swift in Sources */ = {isa = PBXBuildFile; fileRef = C6B6AF955F5EE3A648C20DE8 /* LoginView.swift */; };
		16DB2E9A20ED7BBC9B7592AB /* HomeView.swift in Sources */ = {isa = PBXBuildFile; fileRef = 3FD74EBD1DC9DD3188E02D4E /* HomeView.swift */; };
		C0BDDBADEAD08417F4D2DE02 /* ChatView.swift in Sources */ = {isa = PBXBuildFile; fileRef = 845D1993632C51B79DE37B5F /* ChatView.swift */; };
		53EEA30201BCA3F33394D58F /* MediaPickers.swift in Sources */ = {isa = PBXBuildFile; fileRef = 70D2EAB9CBED71FBF15FA1BD /* MediaPickers.swift */; };
		03C3FF9B25FA384DB7076BB6 /* CustomerInfoView.swift in Sources */ = {isa = PBXBuildFile; fileRef = D82A0DDA91A075A10B323CE5 /* CustomerInfoView.swift */; };
		7CDB428FEE034C3AEBA266B7 /* EscalateView.swift in Sources */ = {isa = PBXBuildFile; fileRef = 105C35E578017B3691B3F111 /* EscalateView.swift */; };
		F49ED6CC4148E7901BBDB6BD /* AdminPanelView.swift in Sources */ = {isa = PBXBuildFile; fileRef = 2C98F98FB17D1CC2CFE6FC80 /* AdminPanelView.swift */; };
		6FEF0FF316A39C525AE3FCF6 /* TicketDetailView.swift in Sources */ = {isa = PBXBuildFile; fileRef = 171478F849E998BD9EA30574 /* TicketDetailView.swift */; };
		52A10E1CE86BA55DEC5DC6B7 /* DuckLogo.swift in Sources */ = {isa = PBXBuildFile; fileRef = 98F4C91C1712F92C735311C6 /* DuckLogo.swift */; };
		3756939B48D40D4153BD55AA /* Assets.xcassets in Resources */ = {isa = PBXBuildFile; fileRef = DE5D19C151A2783034ACF4A7 /* Assets.xcassets */; };
/* End PBXBuildFile section */

/* Begin PBXFrameworksBuildPhase section */
		686D30C6237F1E5FB4F1794F /* Frameworks */ = {
			isa = PBXFrameworksBuildPhase;
			buildActionMask = 2147483647;
			files = (
			);
			runOnlyForDeploymentPostprocessing = 0;
		};
/* End PBXFrameworksBuildPhase section */

/* Begin PBXFileReference section */
		8F26E9E8385C36DFAE3BD0EA /* AskTheDuckApp.swift */ = {isa = PBXFileReference; lastKnownFileType = sourcecode.swift; path = AskTheDuckApp.swift; sourceTree = "<group>"; };
		465E2BB31CFCB3EDA0DF92A2 /* PoolDuckTheme.swift */ = {isa = PBXFileReference; lastKnownFileType = sourcecode.swift; path = PoolDuckTheme.swift; sourceTree = "<group>"; };
		32380C1137A2701F3E0E3B67 /* ProblemType.swift */ = {isa = PBXFileReference; lastKnownFileType = sourcecode.swift; path = ProblemType.swift; sourceTree = "<group>"; };
		DE7544278A8AFFDD70EA0B45 /* Message.swift */ = {isa = PBXFileReference; lastKnownFileType = sourcecode.swift; path = Message.swift; sourceTree = "<group>"; };
		E70E80400227692E6DC7EC46 /* CustomerInfo.swift */ = {isa = PBXFileReference; lastKnownFileType = sourcecode.swift; path = CustomerInfo.swift; sourceTree = "<group>"; };
		0CAC090ECCC0B4EE85F7C412 /* Ticket.swift */ = {isa = PBXFileReference; lastKnownFileType = sourcecode.swift; path = Ticket.swift; sourceTree = "<group>"; };
		1BD96814FD25CDDE9C90E814 /* ClaudeService.swift */ = {isa = PBXFileReference; lastKnownFileType = sourcecode.swift; path = ClaudeService.swift; sourceTree = "<group>"; };
		2705BF3B65510B3E234FD525 /* SpeechService.swift */ = {isa = PBXFileReference; lastKnownFileType = sourcecode.swift; path = SpeechService.swift; sourceTree = "<group>"; };
		77B96BBDF7CA61B0FFEC8F5C /* AuthService.swift */ = {isa = PBXFileReference; lastKnownFileType = sourcecode.swift; path = AuthService.swift; sourceTree = "<group>"; };
		0CDBFB955A6AC9E18CD80534 /* MediaService.swift */ = {isa = PBXFileReference; lastKnownFileType = sourcecode.swift; path = MediaService.swift; sourceTree = "<group>"; };
		2F7DF6F0474D1273543C456A /* TicketStore.swift */ = {isa = PBXFileReference; lastKnownFileType = sourcecode.swift; path = TicketStore.swift; sourceTree = "<group>"; };
		9AC3B7194800365B8C4B44FB /* AuthViewModel.swift */ = {isa = PBXFileReference; lastKnownFileType = sourcecode.swift; path = AuthViewModel.swift; sourceTree = "<group>"; };
		28C55913A835231D88924923 /* ChatViewModel.swift */ = {isa = PBXFileReference; lastKnownFileType = sourcecode.swift; path = ChatViewModel.swift; sourceTree = "<group>"; };
		29F7A74C7B076D15C1C5D761 /* AdminViewModel.swift */ = {isa = PBXFileReference; lastKnownFileType = sourcecode.swift; path = AdminViewModel.swift; sourceTree = "<group>"; };
		C6B6AF955F5EE3A648C20DE8 /* LoginView.swift */ = {isa = PBXFileReference; lastKnownFileType = sourcecode.swift; path = LoginView.swift; sourceTree = "<group>"; };
		3FD74EBD1DC9DD3188E02D4E /* HomeView.swift */ = {isa = PBXFileReference; lastKnownFileType = sourcecode.swift; path = HomeView.swift; sourceTree = "<group>"; };
		845D1993632C51B79DE37B5F /* ChatView.swift */ = {isa = PBXFileReference; lastKnownFileType = sourcecode.swift; path = ChatView.swift; sourceTree = "<group>"; };
		70D2EAB9CBED71FBF15FA1BD /* MediaPickers.swift */ = {isa = PBXFileReference; lastKnownFileType = sourcecode.swift; path = MediaPickers.swift; sourceTree = "<group>"; };
		D82A0DDA91A075A10B323CE5 /* CustomerInfoView.swift */ = {isa = PBXFileReference; lastKnownFileType = sourcecode.swift; path = CustomerInfoView.swift; sourceTree = "<group>"; };
		105C35E578017B3691B3F111 /* EscalateView.swift */ = {isa = PBXFileReference; lastKnownFileType = sourcecode.swift; path = EscalateView.swift; sourceTree = "<group>"; };
		2C98F98FB17D1CC2CFE6FC80 /* AdminPanelView.swift */ = {isa = PBXFileReference; lastKnownFileType = sourcecode.swift; path = AdminPanelView.swift; sourceTree = "<group>"; };
		171478F849E998BD9EA30574 /* TicketDetailView.swift */ = {isa = PBXFileReference; lastKnownFileType = sourcecode.swift; path = TicketDetailView.swift; sourceTree = "<group>"; };
		98F4C91C1712F92C735311C6 /* DuckLogo.swift */ = {isa = PBXFileReference; lastKnownFileType = sourcecode.swift; path = DuckLogo.swift; sourceTree = "<group>"; };
		DE5D19C151A2783034ACF4A7 /* Assets.xcassets */ = {isa = PBXFileReference; lastKnownFileType = folder.assetcatalog; path = Assets.xcassets; sourceTree = "<group>"; };
		8BC24DEBC3CD2624006C8CAE /* Info.plist */ = {isa = PBXFileReference; lastKnownFileType = text.plist.xml; path = Info.plist; sourceTree = "<group>"; };
		F02E5629F3B0A3CA1869E5AF /* AskTheDuck.app */ = {isa = PBXFileReference; explicitFileType = wrapper.application; includeInIndex = 0; path = AskTheDuck.app; sourceTree = BUILT_PRODUCTS_DIR; };
/* End PBXFileReference section */

/* Begin PBXGroup section */
		87BC9FB35719A1EB337DAE3B = {
			isa = PBXGroup;
			children = (
				A42D3D98442FA71BF7164540 /* AskTheDuck */,
				FF15C285515478581F2C206E /* Products */,
			);
			sourceTree = "<group>";
		};
		A42D3D98442FA71BF7164540 /* AskTheDuck */ = {
			isa = PBXGroup;
			children = (
				8F26E9E8385C36DFAE3BD0EA /* AskTheDuckApp.swift */,
				EF9FE162FD481568C39ABB50 /* Theme */,
				70A2914D78615737F57A5DB7 /* Models */,
				65720533C7BA457CDEE1D65C /* Services */,
				9428E872172433E1FADB4AF3 /* ViewModels */,
				82593A4572A02FE19E5A803A /* Views */,
				DE5D19C151A2783034ACF4A7 /* Assets.xcassets */,
				8BC24DEBC3CD2624006C8CAE /* Info.plist */,
			);
			path = AskTheDuck;
			sourceTree = "<group>";
		};
		EF9FE162FD481568C39ABB50 /* Theme */ = {
			isa = PBXGroup;
			children = (
				465E2BB31CFCB3EDA0DF92A2 /* PoolDuckTheme.swift */,
			);
			path = Theme;
			sourceTree = "<group>";
		};
		70A2914D78615737F57A5DB7 /* Models */ = {
			isa = PBXGroup;
			children = (
				32380C1137A2701F3E0E3B67 /* ProblemType.swift */,
				DE7544278A8AFFDD70EA0B45 /* Message.swift */,
				E70E80400227692E6DC7EC46 /* CustomerInfo.swift */,
				0CAC090ECCC0B4EE85F7C412 /* Ticket.swift */,
			);
			path = Models;
			sourceTree = "<group>";
		};
		65720533C7BA457CDEE1D65C /* Services */ = {
			isa = PBXGroup;
			children = (
				1BD96814FD25CDDE9C90E814 /* ClaudeService.swift */,
				2705BF3B65510B3E234FD525 /* SpeechService.swift */,
				77B96BBDF7CA61B0FFEC8F5C /* AuthService.swift */,
				0CDBFB955A6AC9E18CD80534 /* MediaService.swift */,
				2F7DF6F0474D1273543C456A /* TicketStore.swift */,
			);
			path = Services;
			sourceTree = "<group>";
		};
		9428E872172433E1FADB4AF3 /* ViewModels */ = {
			isa = PBXGroup;
			children = (
				9AC3B7194800365B8C4B44FB /* AuthViewModel.swift */,
				28C55913A835231D88924923 /* ChatViewModel.swift */,
				29F7A74C7B076D15C1C5D761 /* AdminViewModel.swift */,
			);
			path = ViewModels;
			sourceTree = "<group>";
		};
		82593A4572A02FE19E5A803A /* Views */ = {
			isa = PBXGroup;
			children = (
				C6B6AF955F5EE3A648C20DE8 /* LoginView.swift */,
				3FD74EBD1DC9DD3188E02D4E /* HomeView.swift */,
				845D1993632C51B79DE37B5F /* ChatView.swift */,
				70D2EAB9CBED71FBF15FA1BD /* MediaPickers.swift */,
				D82A0DDA91A075A10B323CE5 /* CustomerInfoView.swift */,
				105C35E578017B3691B3F111 /* EscalateView.swift */,
				2C98F98FB17D1CC2CFE6FC80 /* AdminPanelView.swift */,
				171478F849E998BD9EA30574 /* TicketDetailView.swift */,
				94552538141E5C27BEFF6573 /* Components */,
			);
			path = Views;
			sourceTree = "<group>";
		};
		94552538141E5C27BEFF6573 /* Components */ = {
			isa = PBXGroup;
			children = (
				98F4C91C1712F92C735311C6 /* DuckLogo.swift */,
			);
			path = Components;
			sourceTree = "<group>";
		};
		FF15C285515478581F2C206E /* Products */ = {
			isa = PBXGroup;
			children = (
				F02E5629F3B0A3CA1869E5AF /* AskTheDuck.app */,
			);
			name = Products;
			sourceTree = "<group>";
		};
/* End PBXGroup section */

/* Begin PBXNativeTarget section */
		757BDB335DCEE2357BB9DF8A /* AskTheDuck */ = {
			isa = PBXNativeTarget;
			buildConfigurationList = 0CAA8816122C069B19EB2B53 /* Build configuration list for PBXNativeTarget "AskTheDuck" */;
			buildPhases = (
				EFC29BE7A6C3EB83240D1613 /* Sources */,
				686D30C6237F1E5FB4F1794F /* Frameworks */,
				314E5780B02A72653A22CB00 /* Resources */,
			);
			buildRules = (
			);
			dependencies = (
			);
			name = AskTheDuck;
			productName = AskTheDuck;
			productReference = F02E5629F3B0A3CA1869E5AF /* AskTheDuck.app */;
			productType = "com.apple.product-type.application";
		};
/* End PBXNativeTarget section */

/* Begin PBXProject section */
		029FD0B32C013FC5C18504BC /* Project object */ = {
			isa = PBXProject;
			attributes = {
				BuildIndependentTargetsInParallel = 1;
				LastSwiftUpdateCheck = 1530;
				LastUpgradeCheck = 1530;
				TargetAttributes = {
					757BDB335DCEE2357BB9DF8A = {
						CreatedOnToolsVersion = 15.3;
					};
				};
			};
			buildConfigurationList = 1FD2D65AACD41DE1EA615C2C /* Build configuration list for PBXProject "AskTheDuck" */;
			compatibilityVersion = "Xcode 15.0";
			developmentRegion = en;
			hasScannedForEncodings = 0;
			knownRegions = (
				en,
				Base,
			);
			mainGroup = 87BC9FB35719A1EB337DAE3B;
			productRefGroup = FF15C285515478581F2C206E /* Products */;
			projectDirPath = "";
			projectRoot = "";
			targets = (
				757BDB335DCEE2357BB9DF8A /* AskTheDuck */,
			);
		};
/* End PBXProject section */

/* Begin PBXResourcesBuildPhase section */
		314E5780B02A72653A22CB00 /* Resources */ = {
			isa = PBXResourcesBuildPhase;
			buildActionMask = 2147483647;
			files = (
				3756939B48D40D4153BD55AA /* Assets.xcassets in Resources */,
			);
			runOnlyForDeploymentPostprocessing = 0;
		};
/* End PBXResourcesBuildPhase section */

/* Begin PBXSourcesBuildPhase section */
		EFC29BE7A6C3EB83240D1613 /* Sources */ = {
			isa = PBXSourcesBuildPhase;
			buildActionMask = 2147483647;
			files = (
				59D3C77820A322F721520814 /* AskTheDuckApp.swift in Sources */,
				5839F4B615BD0DC46C7E895B /* PoolDuckTheme.swift in Sources */,
				AFB181850FFC861FE9F23552 /* ProblemType.swift in Sources */,
				0B5915944A00865A3FCB13B4 /* Message.swift in Sources */,
				C6EC3E0624C4D37C839812F3 /* CustomerInfo.swift in Sources */,
				979620C527ED3696BA0EFF45 /* Ticket.swift in Sources */,
				38D42484CF476EC1A7B6BE2D /* ClaudeService.swift in Sources */,
				42B12FBDB19DD3C6E3ABD7A4 /* SpeechService.swift in Sources */,
				0CEAD260A3C4677E64D41009 /* AuthService.swift in Sources */,
				57EC58804C53D1762113E9C9 /* MediaService.swift in Sources */,
				8C4356AFED0D871BF2F45A1A /* TicketStore.swift in Sources */,
				49793D74BD4C39D8879FBA5A /* AuthViewModel.swift in Sources */,
				09EB9E4D01FE612D3CA5CC50 /* ChatViewModel.swift in Sources */,
				A6514E5802D1276DB83E8D4F /* AdminViewModel.swift in Sources */,
				CFB7565F7DCFB9B826B481E0 /* LoginView.swift in Sources */,
				16DB2E9A20ED7BBC9B7592AB /* HomeView.swift in Sources */,
				C0BDDBADEAD08417F4D2DE02 /* ChatView.swift in Sources */,
				53EEA30201BCA3F33394D58F /* MediaPickers.swift in Sources */,
				03C3FF9B25FA384DB7076BB6 /* CustomerInfoView.swift in Sources */,
				7CDB428FEE034C3AEBA266B7 /* EscalateView.swift in Sources */,
				F49ED6CC4148E7901BBDB6BD /* AdminPanelView.swift in Sources */,
				6FEF0FF316A39C525AE3FCF6 /* TicketDetailView.swift in Sources */,
				52A10E1CE86BA55DEC5DC6B7 /* DuckLogo.swift in Sources */,
			);
			runOnlyForDeploymentPostprocessing = 0;
		};
/* End PBXSourcesBuildPhase section */

/* Begin XCBuildConfiguration section */
		86D9FAC04D36AC37CF3970A9 /* Debug */ = {
			isa = XCBuildConfiguration;
			buildSettings = {
				ASSETCATALOG_COMPILER_APPICON_NAME = AppIcon;
				ASSETCATALOG_COMPILER_GLOBAL_ACCENT_COLOR_NAME = AccentColor;
				CODE_SIGN_STYLE = Automatic;
				CURRENT_PROJECT_VERSION = 1;
				DEVELOPMENT_ASSET_PATHS = "";
				ENABLE_PREVIEWS = YES;
				GENERATE_INFOPLIST_FILE = NO;
				INFOPLIST_FILE = AskTheDuck/Info.plist;
				IPHONEOS_DEPLOYMENT_TARGET = 17.0;
				LD_RUNPATH_SEARCH_PATHS = (
					"$(inherited)",
					"@executable_path/Frameworks",
				);
				MARKETING_VERSION = 1.0;
				PRODUCT_BUNDLE_IDENTIFIER = "com.poolduck.asktheduck";
				PRODUCT_NAME = "$(TARGET_NAME)";
				SUPPORTED_PLATFORMS = "iphoneos iphonesimulator";
				SUPPORTS_MACCATALYST = NO;
				SUPPORTS_MAC_DESIGNED_FOR_IPHONE_IPAD = NO;
				SWIFT_EMIT_LOC_STRINGS = YES;
				SWIFT_VERSION = 5.0;
				TARGETED_DEVICE_FAMILY = "1,2";
			};
			name = Debug;
		};
		4B770C06515EC21499A32557 /* Release */ = {
			isa = XCBuildConfiguration;
			buildSettings = {
				ASSETCATALOG_COMPILER_APPICON_NAME = AppIcon;
				ASSETCATALOG_COMPILER_GLOBAL_ACCENT_COLOR_NAME = AccentColor;
				CODE_SIGN_STYLE = Automatic;
				CURRENT_PROJECT_VERSION = 1;
				DEVELOPMENT_ASSET_PATHS = "";
				ENABLE_PREVIEWS = YES;
				GENERATE_INFOPLIST_FILE = NO;
				INFOPLIST_FILE = AskTheDuck/Info.plist;
				IPHONEOS_DEPLOYMENT_TARGET = 17.0;
				LD_RUNPATH_SEARCH_PATHS = (
					"$(inherited)",
					"@executable_path/Frameworks",
				);
				MARKETING_VERSION = 1.0;
				PRODUCT_BUNDLE_IDENTIFIER = "com.poolduck.asktheduck";
				PRODUCT_NAME = "$(TARGET_NAME)";
				SUPPORTED_PLATFORMS = "iphoneos iphonesimulator";
				SUPPORTS_MACCATALYST = NO;
				SUPPORTS_MAC_DESIGNED_FOR_IPHONE_IPAD = NO;
				SWIFT_EMIT_LOC_STRINGS = YES;
				SWIFT_VERSION = 5.0;
				TARGETED_DEVICE_FAMILY = "1,2";
			};
			name = Release;
		};
		938311A4875403F1198765FB /* Debug */ = {
			isa = XCBuildConfiguration;
			buildSettings = {
				ALWAYS_SEARCH_USER_PATHS = NO;
				ASSETCATALOG_COMPILER_GENERATE_SWIFT_ASSET_SYMBOL_EXTENSIONS = YES;
				CLANG_ANALYZER_NONNULL = YES;
				CLANG_ENABLE_MODULES = YES;
				CLANG_ENABLE_OBJC_ARC = YES;
				CLANG_ENABLE_OBJC_WEAK = YES;
				COPY_PHASE_STRIP = NO;
				ENABLE_STRICT_OBJC_MSGSEND = YES;
				DEBUG_INFORMATION_FORMAT = dwarf;
				ENABLE_TESTABILITY = YES;
				GCC_DYNAMIC_NO_PIC = NO;
				GCC_OPTIMIZATION_LEVEL = 0;
				GCC_PREPROCESSOR_DEFINITIONS = (
					"DEBUG=1",
					"$(inherited)",
				);
				ONLY_ACTIVE_ARCH = YES;
				SWIFT_ACTIVE_COMPILATION_CONDITIONS = "DEBUG $(inherited)";
				SWIFT_OPTIMIZATION_LEVEL = "-Onone";
				IPHONEOS_DEPLOYMENT_TARGET = 17.0;
				SDKROOT = iphoneos;
			};
			name = Debug;
		};
		BD07276C7E729C4ECB952AEA /* Release */ = {
			isa = XCBuildConfiguration;
			buildSettings = {
				ALWAYS_SEARCH_USER_PATHS = NO;
				ASSETCATALOG_COMPILER_GENERATE_SWIFT_ASSET_SYMBOL_EXTENSIONS = YES;
				CLANG_ANALYZER_NONNULL = YES;
				CLANG_ENABLE_MODULES = YES;
				CLANG_ENABLE_OBJC_ARC = YES;
				CLANG_ENABLE_OBJC_WEAK = YES;
				COPY_PHASE_STRIP = NO;
				ENABLE_STRICT_OBJC_MSGSEND = YES;
				DEBUG_INFORMATION_FORMAT = "dwarf-with-dsym";
				ENABLE_NS_ASSERTIONS = NO;
				SWIFT_COMPILATION_MODE = wholemodule;
				IPHONEOS_DEPLOYMENT_TARGET = 17.0;
				SDKROOT = iphoneos;
			};
			name = Release;
		};
/* End XCBuildConfiguration section */

/* Begin XCConfigurationList section */
		0CAA8816122C069B19EB2B53 /* Build configuration list for PBXNativeTarget "AskTheDuck" */ = {
			isa = XCConfigurationList;
			buildConfigurations = (
				86D9FAC04D36AC37CF3970A9 /* Debug */,
				4B770C06515EC21499A32557 /* Release */,
			);
			defaultConfigurationIsVisible = 0;
			defaultConfigurationName = Release;
		};
		1FD2D65AACD41DE1EA615C2C /* Build configuration list for PBXProject "AskTheDuck" */ = {
			isa = XCConfigurationList;
			buildConfigurations = (
				938311A4875403F1198765FB /* Debug */,
				BD07276C7E729C4ECB952AEA /* Release */,
			);
			defaultConfigurationIsVisible = 0;
			defaultConfigurationName = Release;
		};
/* End XCConfigurationList section */
	};
	rootObject = 029FD0B32C013FC5C18504BC /* Project object */;
}
