// !$*UTF8*$!
{
	archiveVersion = 1;
	classes = {
	};
	objectVersion = 56;
	objects = {

/* Begin PBXBuildFile section */
		B56E6DA36F6D29D6042C989C /* AskTheDuckApp.swift in Sources */ = {isa = PBXBuildFile; fileRef = 41F5BCE5A6683D731C99A032 /* AskTheDuckApp.swift */; };
		B9023DC0F5785181FD52DB7B /* PoolDuckTheme.swift in Sources */ = {isa = PBXBuildFile; fileRef = BBFD3BF09577CA8D6BEED372 /* PoolDuckTheme.swift */; };
		C7BF875117A111502FDB611B /* ProblemType.swift in Sources */ = {isa = PBXBuildFile; fileRef = F345A99D0FA7909299CA2061 /* ProblemType.swift */; };
		81F42E1CA3585CDAE4E5B9B3 /* Message.swift in Sources */ = {isa = PBXBuildFile; fileRef = E8EC55687C744B872B0BAB92 /* Message.swift */; };
		804028B82073B399A75962BF /* CustomerInfo.swift in Sources */ = {isa = PBXBuildFile; fileRef = 444974FA532DE5C4C591EECD /* CustomerInfo.swift */; };
		78E553CA05B33E2CD0F7FA84 /* Ticket.swift in Sources */ = {isa = PBXBuildFile; fileRef = A7F5621C6D4D364D8C398133 /* Ticket.swift */; };
		F21E686F3C0C4B3ED785FE3E /* ServiceRecord.swift in Sources */ = {isa = PBXBuildFile; fileRef = 34F21166FDDC0C7754248AE9 /* ServiceRecord.swift */; };
		0988CFA826D4FC2CFB8CDBA6 /* Quote.swift in Sources */ = {isa = PBXBuildFile; fileRef = 1F0B3F256EF9FDB207740FE7 /* Quote.swift */; };
		6B67DDE4C17514813B4988D1 /* ClaudeService.swift in Sources */ = {isa = PBXBuildFile; fileRef = 5792B6E90A2DBBA80446D3AE /* ClaudeService.swift */; };
		8E59D90BA7AA4EE517154308 /* SpeechService.swift in Sources */ = {isa = PBXBuildFile; fileRef = A5145737D8976950D5479792 /* SpeechService.swift */; };
		612D3E320BCFF1D6DE93FEC0 /* AuthService.swift in Sources */ = {isa = PBXBuildFile; fileRef = F4F4A37B7ED39CDEDC59E590 /* AuthService.swift */; };
		3FFA529490264146BA0E8BEA /* MediaService.swift in Sources */ = {isa = PBXBuildFile; fileRef = 9C3F07E9FF16845B95687CE1 /* MediaService.swift */; };
		E9ECE6361D9F94BE7AB45E5B /* TicketStore.swift in Sources */ = {isa = PBXBuildFile; fileRef = 95DD11E8D55237890F9D9C5D /* TicketStore.swift */; };
		A5356D5D8A650039F48C6153 /* HistoryStore.swift in Sources */ = {isa = PBXBuildFile; fileRef = D5FC1012BC6988D93FF87892 /* HistoryStore.swift */; };
		22641949393CD897E31D5142 /* QuoteStore.swift in Sources */ = {isa = PBXBuildFile; fileRef = 1C7FE293537960FF105EB6D1 /* QuoteStore.swift */; };
		6A5F5178787BE2183274850A /* QuoteService.swift in Sources */ = {isa = PBXBuildFile; fileRef = D3EB0D5B9203D20E567EF3B2 /* QuoteService.swift */; };
		376EBACBBE18EDB39D03E652 /* PoolDuckPlaybook.swift in Sources */ = {isa = PBXBuildFile; fileRef = AC7FD8A473487C9A369BA69B /* PoolDuckPlaybook.swift */; };
		2034B7D439EF939E6152745F /* PoolBrainSync.swift in Sources */ = {isa = PBXBuildFile; fileRef = 8111ADB1F599F14DB472AC10 /* PoolBrainSync.swift */; };
		A3C23E12B685445A02886128 /* CustomerNotifier.swift in Sources */ = {isa = PBXBuildFile; fileRef = 7C86653E95A1B5D3D301C625 /* CustomerNotifier.swift */; };
		13F550CAA2D57BD120AC5E78 /* AuthViewModel.swift in Sources */ = {isa = PBXBuildFile; fileRef = 3E664F2BD0DEB2EB9ED35B65 /* AuthViewModel.swift */; };
		86DA6E1E6DB843539281FC2B /* ChatViewModel.swift in Sources */ = {isa = PBXBuildFile; fileRef = F3D5B79A1BD9E1C61DD0D20C /* ChatViewModel.swift */; };
		0D21940BCB630DD1AE46E61C /* AdminViewModel.swift in Sources */ = {isa = PBXBuildFile; fileRef = 1981628763689363130268C1 /* AdminViewModel.swift */; };
		9BF7307B080DBFF95494185E /* HistoryViewModel.swift in Sources */ = {isa = PBXBuildFile; fileRef = DC030965F32483808C04EF86 /* HistoryViewModel.swift */; };
		B8BE06A7F0A47000A1BFE532 /* LoginView.swift in Sources */ = {isa = PBXBuildFile; fileRef = 83CCB488159A50B85ECAF349 /* LoginView.swift */; };
		CF1B65FC53290174456CF940 /* HomeView.swift in Sources */ = {isa = PBXBuildFile; fileRef = 73F723FAA704E1C8BD28672F /* HomeView.swift */; };
		830CCF16FDFEEDF8777F744B /* ChatView.swift in Sources */ = {isa = PBXBuildFile; fileRef = 9E5BCAC3A01129C7733C1FB6 /* ChatView.swift */; };
		1FA8FCE48BEABF36DE98B966 /* MediaPickers.swift in Sources */ = {isa = PBXBuildFile; fileRef = 74DC94DD7C473F75A30D7DB9 /* MediaPickers.swift */; };
		A46FC3E602726B9321614460 /* CustomerInfoView.swift in Sources */ = {isa = PBXBuildFile; fileRef = 39F9C16C630E4BEF5F0A0CDE /* CustomerInfoView.swift */; };
		54B978BEF461941AA0D50FEA /* EscalateView.swift in Sources */ = {isa = PBXBuildFile; fileRef = B89899B28983BD89385918E8 /* EscalateView.swift */; };
		1931125DF282C88A53C49762 /* AdminPanelView.swift in Sources */ = {isa = PBXBuildFile; fileRef = 93B58A474DAE32491005AD1D /* AdminPanelView.swift */; };
		70E8AC4A76F39F588E19F8EF /* TicketDetailView.swift in Sources */ = {isa = PBXBuildFile; fileRef = 3077DBC3565E24AF731CBDF5 /* TicketDetailView.swift */; };
		D48FB9A628A829DA600FAFBE /* HistoryView.swift in Sources */ = {isa = PBXBuildFile; fileRef = B894BCC6CBBAB7DE7C62CA00 /* HistoryView.swift */; };
		E4E06723086FE0F558DDA7E5 /* QuoteView.swift in Sources */ = {isa = PBXBuildFile; fileRef = EE56E43D367735275424EE32 /* QuoteView.swift */; };
		73DA4A5968D3259566781D62 /* DuckLogo.swift in Sources */ = {isa = PBXBuildFile; fileRef = CF3F30C25A40D50A5809909C /* DuckLogo.swift */; };
		3AB45E55D09A07AD43FB6CB4 /* Assets.xcassets in Resources */ = {isa = PBXBuildFile; fileRef = 5C8F8D9A6341BB4B3BBD3D72 /* Assets.xcassets */; };
		442B970D6DE8CFEB85EA187D /* playbook.md in Resources */ = {isa = PBXBuildFile; fileRef = 76F2F4E39FB9D73A548FD065 /* playbook.md */; };
/* End PBXBuildFile section */

/* Begin PBXFrameworksBuildPhase section */
		03EFD7A92A98D0945C31C3C7 /* Frameworks */ = {
			isa = PBXFrameworksBuildPhase;
			buildActionMask = 2147483647;
			files = (
			);
			runOnlyForDeploymentPostprocessing = 0;
		};
/* End PBXFrameworksBuildPhase section */

/* Begin PBXFileReference section */
		41F5BCE5A6683D731C99A032 /* AskTheDuckApp.swift */ = {isa = PBXFileReference; lastKnownFileType = sourcecode.swift; path = AskTheDuckApp.swift; sourceTree = "<group>"; };
		BBFD3BF09577CA8D6BEED372 /* PoolDuckTheme.swift */ = {isa = PBXFileReference; lastKnownFileType = sourcecode.swift; path = PoolDuckTheme.swift; sourceTree = "<group>"; };
		F345A99D0FA7909299CA2061 /* ProblemType.swift */ = {isa = PBXFileReference; lastKnownFileType = sourcecode.swift; path = ProblemType.swift; sourceTree = "<group>"; };
		E8EC55687C744B872B0BAB92 /* Message.swift */ = {isa = PBXFileReference; lastKnownFileType = sourcecode.swift; path = Message.swift; sourceTree = "<group>"; };
		444974FA532DE5C4C591EECD /* CustomerInfo.swift */ = {isa = PBXFileReference; lastKnownFileType = sourcecode.swift; path = CustomerInfo.swift; sourceTree = "<group>"; };
		A7F5621C6D4D364D8C398133 /* Ticket.swift */ = {isa = PBXFileReference; lastKnownFileType = sourcecode.swift; path = Ticket.swift; sourceTree = "<group>"; };
		34F21166FDDC0C7754248AE9 /* ServiceRecord.swift */ = {isa = PBXFileReference; lastKnownFileType = sourcecode.swift; path = ServiceRecord.swift; sourceTree = "<group>"; };
		1F0B3F256EF9FDB207740FE7 /* Quote.swift */ = {isa = PBXFileReference; lastKnownFileType = sourcecode.swift; path = Quote.swift; sourceTree = "<group>"; };
		5792B6E90A2DBBA80446D3AE /* ClaudeService.swift */ = {isa = PBXFileReference; lastKnownFileType = sourcecode.swift; path = ClaudeService.swift; sourceTree = "<group>"; };
		A5145737D8976950D5479792 /* SpeechService.swift */ = {isa = PBXFileReference; lastKnownFileType = sourcecode.swift; path = SpeechService.swift; sourceTree = "<group>"; };
		F4F4A37B7ED39CDEDC59E590 /* AuthService.swift */ = {isa = PBXFileReference; lastKnownFileType = sourcecode.swift; path = AuthService.swift; sourceTree = "<group>"; };
		9C3F07E9FF16845B95687CE1 /* MediaService.swift */ = {isa = PBXFileReference; lastKnownFileType = sourcecode.swift; path = MediaService.swift; sourceTree = "<group>"; };
		95DD11E8D55237890F9D9C5D /* TicketStore.swift */ = {isa = PBXFileReference; lastKnownFileType = sourcecode.swift; path = TicketStore.swift; sourceTree = "<group>"; };
		D5FC1012BC6988D93FF87892 /* HistoryStore.swift */ = {isa = PBXFileReference; lastKnownFileType = sourcecode.swift; path = HistoryStore.swift; sourceTree = "<group>"; };
		1C7FE293537960FF105EB6D1 /* QuoteStore.swift */ = {isa = PBXFileReference; lastKnownFileType = sourcecode.swift; path = QuoteStore.swift; sourceTree = "<group>"; };
		D3EB0D5B9203D20E567EF3B2 /* QuoteService.swift */ = {isa = PBXFileReference; lastKnownFileType = sourcecode.swift; path = QuoteService.swift; sourceTree = "<group>"; };
		AC7FD8A473487C9A369BA69B /* PoolDuckPlaybook.swift */ = {isa = PBXFileReference; lastKnownFileType = sourcecode.swift; path = PoolDuckPlaybook.swift; sourceTree = "<group>"; };
		8111ADB1F599F14DB472AC10 /* PoolBrainSync.swift */ = {isa = PBXFileReference; lastKnownFileType = sourcecode.swift; path = PoolBrainSync.swift; sourceTree = "<group>"; };
		7C86653E95A1B5D3D301C625 /* CustomerNotifier.swift */ = {isa = PBXFileReference; lastKnownFileType = sourcecode.swift; path = CustomerNotifier.swift; sourceTree = "<group>"; };
		3E664F2BD0DEB2EB9ED35B65 /* AuthViewModel.swift */ = {isa = PBXFileReference; lastKnownFileType = sourcecode.swift; path = AuthViewModel.swift; sourceTree = "<group>"; };
		F3D5B79A1BD9E1C61DD0D20C /* ChatViewModel.swift */ = {isa = PBXFileReference; lastKnownFileType = sourcecode.swift; path = ChatViewModel.swift; sourceTree = "<group>"; };
		1981628763689363130268C1 /* AdminViewModel.swift */ = {isa = PBXFileReference; lastKnownFileType = sourcecode.swift; path = AdminViewModel.swift; sourceTree = "<group>"; };
		DC030965F32483808C04EF86 /* HistoryViewModel.swift */ = {isa = PBXFileReference; lastKnownFileType = sourcecode.swift; path = HistoryViewModel.swift; sourceTree = "<group>"; };
		83CCB488159A50B85ECAF349 /* LoginView.swift */ = {isa = PBXFileReference; lastKnownFileType = sourcecode.swift; path = LoginView.swift; sourceTree = "<group>"; };
		73F723FAA704E1C8BD28672F /* HomeView.swift */ = {isa = PBXFileReference; lastKnownFileType = sourcecode.swift; path = HomeView.swift; sourceTree = "<group>"; };
		9E5BCAC3A01129C7733C1FB6 /* ChatView.swift */ = {isa = PBXFileReference; lastKnownFileType = sourcecode.swift; path = ChatView.swift; sourceTree = "<group>"; };
		74DC94DD7C473F75A30D7DB9 /* MediaPickers.swift */ = {isa = PBXFileReference; lastKnownFileType = sourcecode.swift; path = MediaPickers.swift; sourceTree = "<group>"; };
		39F9C16C630E4BEF5F0A0CDE /* CustomerInfoView.swift */ = {isa = PBXFileReference; lastKnownFileType = sourcecode.swift; path = CustomerInfoView.swift; sourceTree = "<group>"; };
		B89899B28983BD89385918E8 /* EscalateView.swift */ = {isa = PBXFileReference; lastKnownFileType = sourcecode.swift; path = EscalateView.swift; sourceTree = "<group>"; };
		93B58A474DAE32491005AD1D /* AdminPanelView.swift */ = {isa = PBXFileReference; lastKnownFileType = sourcecode.swift; path = AdminPanelView.swift; sourceTree = "<group>"; };
		3077DBC3565E24AF731CBDF5 /* TicketDetailView.swift */ = {isa = PBXFileReference; lastKnownFileType = sourcecode.swift; path = TicketDetailView.swift; sourceTree = "<group>"; };
		B894BCC6CBBAB7DE7C62CA00 /* HistoryView.swift */ = {isa = PBXFileReference; lastKnownFileType = sourcecode.swift; path = HistoryView.swift; sourceTree = "<group>"; };
		EE56E43D367735275424EE32 /* QuoteView.swift */ = {isa = PBXFileReference; lastKnownFileType = sourcecode.swift; path = QuoteView.swift; sourceTree = "<group>"; };
		CF3F30C25A40D50A5809909C /* DuckLogo.swift */ = {isa = PBXFileReference; lastKnownFileType = sourcecode.swift; path = DuckLogo.swift; sourceTree = "<group>"; };
		5C8F8D9A6341BB4B3BBD3D72 /* Assets.xcassets */ = {isa = PBXFileReference; lastKnownFileType = folder.assetcatalog; path = Assets.xcassets; sourceTree = "<group>"; };
		883122E7E00FAD5B13DE1BAC /* Info.plist */ = {isa = PBXFileReference; lastKnownFileType = text.plist.xml; path = Info.plist; sourceTree = "<group>"; };
		76F2F4E39FB9D73A548FD065 /* playbook.md */ = {isa = PBXFileReference; lastKnownFileType = net.daringfireball.markdown; path = playbook.md; sourceTree = "<group>"; };
		BAA1E7DE7F3F20F2340704EF /* AskTheDuck.app */ = {isa = PBXFileReference; explicitFileType = wrapper.application; includeInIndex = 0; path = AskTheDuck.app; sourceTree = BUILT_PRODUCTS_DIR; };
/* End PBXFileReference section */

/* Begin PBXGroup section */
		42D9A15282699A74D35BE53C = {
			isa = PBXGroup;
			children = (
				C7E571523DE7430AC10CF567 /* AskTheDuck */,
				CB437D5CFE98803DEA571582 /* Products */,
			);
			sourceTree = "<group>";
		};
		C7E571523DE7430AC10CF567 /* AskTheDuck */ = {
			isa = PBXGroup;
			children = (
				41F5BCE5A6683D731C99A032 /* AskTheDuckApp.swift */,
				8FBE687E74B6EC62EE09680E /* Theme */,
				AF777124562F74511336E18A /* Models */,
				149D017ADA1B9BE06F94629C /* Services */,
				F50396481A0F78EB499A44EA /* ViewModels */,
				BBF976FDEB791D9356602899 /* Views */,
				14A88A3CE4FFBF9E8494B21E /* Resources */,
				5C8F8D9A6341BB4B3BBD3D72 /* Assets.xcassets */,
				883122E7E00FAD5B13DE1BAC /* Info.plist */,
			);
			path = AskTheDuck;
			sourceTree = "<group>";
		};
		8FBE687E74B6EC62EE09680E /* Theme */ = {
			isa = PBXGroup;
			children = (
				BBFD3BF09577CA8D6BEED372 /* PoolDuckTheme.swift */,
			);
			path = Theme;
			sourceTree = "<group>";
		};
		AF777124562F74511336E18A /* Models */ = {
			isa = PBXGroup;
			children = (
				F345A99D0FA7909299CA2061 /* ProblemType.swift */,
				E8EC55687C744B872B0BAB92 /* Message.swift */,
				444974FA532DE5C4C591EECD /* CustomerInfo.swift */,
				A7F5621C6D4D364D8C398133 /* Ticket.swift */,
				34F21166FDDC0C7754248AE9 /* ServiceRecord.swift */,
				1F0B3F256EF9FDB207740FE7 /* Quote.swift */,
			);
			path = Models;
			sourceTree = "<group>";
		};
		149D017ADA1B9BE06F94629C /* Services */ = {
			isa = PBXGroup;
			children = (
				5792B6E90A2DBBA80446D3AE /* ClaudeService.swift */,
				A5145737D8976950D5479792 /* SpeechService.swift */,
				F4F4A37B7ED39CDEDC59E590 /* AuthService.swift */,
				9C3F07E9FF16845B95687CE1 /* MediaService.swift */,
				95DD11E8D55237890F9D9C5D /* TicketStore.swift */,
				D5FC1012BC6988D93FF87892 /* HistoryStore.swift */,
				1C7FE293537960FF105EB6D1 /* QuoteStore.swift */,
				D3EB0D5B9203D20E567EF3B2 /* QuoteService.swift */,
				AC7FD8A473487C9A369BA69B /* PoolDuckPlaybook.swift */,
				E50451429EFF8A4118840D80 /* Integrations */,
			);
			path = Services;
			sourceTree = "<group>";
		};
		E50451429EFF8A4118840D80 /* Integrations */ = {
			isa = PBXGroup;
			children = (
				8111ADB1F599F14DB472AC10 /* PoolBrainSync.swift */,
				7C86653E95A1B5D3D301C625 /* CustomerNotifier.swift */,
			);
			path = Integrations;
			sourceTree = "<group>";
		};
		F50396481A0F78EB499A44EA /* ViewModels */ = {
			isa = PBXGroup;
			children = (
				3E664F2BD0DEB2EB9ED35B65 /* AuthViewModel.swift */,
				F3D5B79A1BD9E1C61DD0D20C /* ChatViewModel.swift */,
				1981628763689363130268C1 /* AdminViewModel.swift */,
				DC030965F32483808C04EF86 /* HistoryViewModel.swift */,
			);
			path = ViewModels;
			sourceTree = "<group>";
		};
		BBF976FDEB791D9356602899 /* Views */ = {
			isa = PBXGroup;
			children = (
				83CCB488159A50B85ECAF349 /* LoginView.swift */,
				73F723FAA704E1C8BD28672F /* HomeView.swift */,
				9E5BCAC3A01129C7733C1FB6 /* ChatView.swift */,
				74DC94DD7C473F75A30D7DB9 /* MediaPickers.swift */,
				39F9C16C630E4BEF5F0A0CDE /* CustomerInfoView.swift */,
				B89899B28983BD89385918E8 /* EscalateView.swift */,
				93B58A474DAE32491005AD1D /* AdminPanelView.swift */,
				3077DBC3565E24AF731CBDF5 /* TicketDetailView.swift */,
				B894BCC6CBBAB7DE7C62CA00 /* HistoryView.swift */,
				EE56E43D367735275424EE32 /* QuoteView.swift */,
				9467B151C523B74E4A8985DE /* Components */,
			);
			path = Views;
			sourceTree = "<group>";
		};
		9467B151C523B74E4A8985DE /* Components */ = {
			isa = PBXGroup;
			children = (
				CF3F30C25A40D50A5809909C /* DuckLogo.swift */,
			);
			path = Components;
			sourceTree = "<group>";
		};
		14A88A3CE4FFBF9E8494B21E /* Resources */ = {
			isa = PBXGroup;
			children = (
				76F2F4E39FB9D73A548FD065 /* playbook.md */,
			);
			path = Resources;
			sourceTree = "<group>";
		};
		CB437D5CFE98803DEA571582 /* Products */ = {
			isa = PBXGroup;
			children = (
				BAA1E7DE7F3F20F2340704EF /* AskTheDuck.app */,
			);
			name = Products;
			sourceTree = "<group>";
		};
/* End PBXGroup section */

/* Begin PBXNativeTarget section */
		7AC8D8961B73132219932E61 /* AskTheDuck */ = {
			isa = PBXNativeTarget;
			buildConfigurationList = D4E5CD8C022AE3C940E19F37 /* Build configuration list for PBXNativeTarget "AskTheDuck" */;
			buildPhases = (
				1C1163E3191E03AE281B4ACA /* Sources */,
				03EFD7A92A98D0945C31C3C7 /* Frameworks */,
				4A1F9E3C6FC0CEB18D43DFC7 /* Resources */,
			);
			buildRules = (
			);
			dependencies = (
			);
			name = AskTheDuck;
			productName = AskTheDuck;
			productReference = BAA1E7DE7F3F20F2340704EF /* AskTheDuck.app */;
			productType = "com.apple.product-type.application";
		};
/* End PBXNativeTarget section */

/* Begin PBXProject section */
		FD289B6AAE9329D5471442BA /* Project object */ = {
			isa = PBXProject;
			attributes = {
				BuildIndependentTargetsInParallel = 1;
				LastSwiftUpdateCheck = 1530;
				LastUpgradeCheck = 1530;
				TargetAttributes = {
					7AC8D8961B73132219932E61 = {
						CreatedOnToolsVersion = 15.3;
					};
				};
			};
			buildConfigurationList = 8B759407ADAB17A1BA7DFDB2 /* Build configuration list for PBXProject "AskTheDuck" */;
			compatibilityVersion = "Xcode 15.0";
			developmentRegion = en;
			hasScannedForEncodings = 0;
			knownRegions = (
				en,
				Base,
			);
			mainGroup = 42D9A15282699A74D35BE53C;
			productRefGroup = CB437D5CFE98803DEA571582 /* Products */;
			projectDirPath = "";
			projectRoot = "";
			targets = (
				7AC8D8961B73132219932E61 /* AskTheDuck */,
			);
		};
/* End PBXProject section */

/* Begin PBXResourcesBuildPhase section */
		4A1F9E3C6FC0CEB18D43DFC7 /* Resources */ = {
			isa = PBXResourcesBuildPhase;
			buildActionMask = 2147483647;
			files = (
				3AB45E55D09A07AD43FB6CB4 /* Assets.xcassets in Resources */,
				442B970D6DE8CFEB85EA187D /* playbook.md in Resources */,
			);
			runOnlyForDeploymentPostprocessing = 0;
		};
/* End PBXResourcesBuildPhase section */

/* Begin PBXSourcesBuildPhase section */
		1C1163E3191E03AE281B4ACA /* Sources */ = {
			isa = PBXSourcesBuildPhase;
			buildActionMask = 2147483647;
			files = (
				B56E6DA36F6D29D6042C989C /* AskTheDuckApp.swift in Sources */,
				B9023DC0F5785181FD52DB7B /* PoolDuckTheme.swift in Sources */,
				C7BF875117A111502FDB611B /* ProblemType.swift in Sources */,
				81F42E1CA3585CDAE4E5B9B3 /* Message.swift in Sources */,
				804028B82073B399A75962BF /* CustomerInfo.swift in Sources */,
				78E553CA05B33E2CD0F7FA84 /* Ticket.swift in Sources */,
				F21E686F3C0C4B3ED785FE3E /* ServiceRecord.swift in Sources */,
				0988CFA826D4FC2CFB8CDBA6 /* Quote.swift in Sources */,
				6B67DDE4C17514813B4988D1 /* ClaudeService.swift in Sources */,
				8E59D90BA7AA4EE517154308 /* SpeechService.swift in Sources */,
				612D3E320BCFF1D6DE93FEC0 /* AuthService.swift in Sources */,
				3FFA529490264146BA0E8BEA /* MediaService.swift in Sources */,
				E9ECE6361D9F94BE7AB45E5B /* TicketStore.swift in Sources */,
				A5356D5D8A650039F48C6153 /* HistoryStore.swift in Sources */,
				22641949393CD897E31D5142 /* QuoteStore.swift in Sources */,
				6A5F5178787BE2183274850A /* QuoteService.swift in Sources */,
				376EBACBBE18EDB39D03E652 /* PoolDuckPlaybook.swift in Sources */,
				2034B7D439EF939E6152745F /* PoolBrainSync.swift in Sources */,
				A3C23E12B685445A02886128 /* CustomerNotifier.swift in Sources */,
				13F550CAA2D57BD120AC5E78 /* AuthViewModel.swift in Sources */,
				86DA6E1E6DB843539281FC2B /* ChatViewModel.swift in Sources */,
				0D21940BCB630DD1AE46E61C /* AdminViewModel.swift in Sources */,
				9BF7307B080DBFF95494185E /* HistoryViewModel.swift in Sources */,
				B8BE06A7F0A47000A1BFE532 /* LoginView.swift in Sources */,
				CF1B65FC53290174456CF940 /* HomeView.swift in Sources */,
				830CCF16FDFEEDF8777F744B /* ChatView.swift in Sources */,
				1FA8FCE48BEABF36DE98B966 /* MediaPickers.swift in Sources */,
				A46FC3E602726B9321614460 /* CustomerInfoView.swift in Sources */,
				54B978BEF461941AA0D50FEA /* EscalateView.swift in Sources */,
				1931125DF282C88A53C49762 /* AdminPanelView.swift in Sources */,
				70E8AC4A76F39F588E19F8EF /* TicketDetailView.swift in Sources */,
				D48FB9A628A829DA600FAFBE /* HistoryView.swift in Sources */,
				E4E06723086FE0F558DDA7E5 /* QuoteView.swift in Sources */,
				73DA4A5968D3259566781D62 /* DuckLogo.swift in Sources */,
			);
			runOnlyForDeploymentPostprocessing = 0;
		};
/* End PBXSourcesBuildPhase section */

/* Begin XCBuildConfiguration section */
		98EEFF5EB4FE51A871052A3C /* Debug */ = {
			isa = XCBuildConfiguration;
			buildSettings = {
				ASSETCATALOG_COMPILER_APPICON_NAME = AppIcon;
				ASSETCATALOG_COMPILER_GLOBAL_ACCENT_COLOR_NAME = AccentColor;
				CODE_SIGN_STYLE = Automatic;
				CURRENT_PROJECT_VERSION = 1;
				DEVELOPMENT_ASSET_PATHS = "";
				ENABLE_PREVIEWS = YES;
				GENERATE_INFOPLIST_FILE = NO;
				INFOPLIST_FILE = AskTheDuck/Info.plist;
				IPHONEOS_DEPLOYMENT_TARGET = 17.0;
				LD_RUNPATH_SEARCH_PATHS = (
					"$(inherited)",
					"@executable_path/Frameworks",
				);
				MARKETING_VERSION = 1.0;
				PRODUCT_BUNDLE_IDENTIFIER = "com.poolduck.asktheduck";
				PRODUCT_NAME = "$(TARGET_NAME)";
				SUPPORTED_PLATFORMS = "iphoneos iphonesimulator";
				SUPPORTS_MACCATALYST = NO;
				SUPPORTS_MAC_DESIGNED_FOR_IPHONE_IPAD = NO;
				SWIFT_EMIT_LOC_STRINGS = YES;
				SWIFT_VERSION = 5.0;
				TARGETED_DEVICE_FAMILY = "1,2";
			};
			name = Debug;
		};
		D48266A61060291B824A8D5B /* Release */ = {
			isa = XCBuildConfiguration;
			buildSettings = {
				ASSETCATALOG_COMPILER_APPICON_NAME = AppIcon;
				ASSETCATALOG_COMPILER_GLOBAL_ACCENT_COLOR_NAME = AccentColor;
				CODE_SIGN_STYLE = Automatic;
				CURRENT_PROJECT_VERSION = 1;
				DEVELOPMENT_ASSET_PATHS = "";
				ENABLE_PREVIEWS = YES;
				GENERATE_INFOPLIST_FILE = NO;
				INFOPLIST_FILE = AskTheDuck/Info.plist;
				IPHONEOS_DEPLOYMENT_TARGET = 17.0;
				LD_RUNPATH_SEARCH_PATHS = (
					"$(inherited)",
					"@executable_path/Frameworks",
				);
				MARKETING_VERSION = 1.0;
				PRODUCT_BUNDLE_IDENTIFIER = "com.poolduck.asktheduck";
				PRODUCT_NAME = "$(TARGET_NAME)";
				SUPPORTED_PLATFORMS = "iphoneos iphonesimulator";
				SUPPORTS_MACCATALYST = NO;
				SUPPORTS_MAC_DESIGNED_FOR_IPHONE_IPAD = NO;
				SWIFT_EMIT_LOC_STRINGS = YES;
				SWIFT_VERSION = 5.0;
				TARGETED_DEVICE_FAMILY = "1,2";
			};
			name = Release;
		};
		171328C590183EB8F65FF0DC /* Debug */ = {
			isa = XCBuildConfiguration;
			buildSettings = {
				ALWAYS_SEARCH_USER_PATHS = NO;
				ASSETCATALOG_COMPILER_GENERATE_SWIFT_ASSET_SYMBOL_EXTENSIONS = YES;
				CLANG_ANALYZER_NONNULL = YES;
				CLANG_ENABLE_MODULES = YES;
				CLANG_ENABLE_OBJC_ARC = YES;
				CLANG_ENABLE_OBJC_WEAK = YES;
				COPY_PHASE_STRIP = NO;
				ENABLE_STRICT_OBJC_MSGSEND = YES;
				DEBUG_INFORMATION_FORMAT = dwarf;
				ENABLE_TESTABILITY = YES;
				GCC_DYNAMIC_NO_PIC = NO;
				GCC_OPTIMIZATION_LEVEL = 0;
				GCC_PREPROCESSOR_DEFINITIONS = (
					"DEBUG=1",
					"$(inherited)",
				);
				ONLY_ACTIVE_ARCH = YES;
				SWIFT_ACTIVE_COMPILATION_CONDITIONS = "DEBUG $(inherited)";
				SWIFT_OPTIMIZATION_LEVEL = "-Onone";
				IPHONEOS_DEPLOYMENT_TARGET = 17.0;
				SDKROOT = iphoneos;
			};
			name = Debug;
		};
		F221335609746F2CA314C9C7 /* Release */ = {
			isa = XCBuildConfiguration;
			buildSettings = {
				ALWAYS_SEARCH_USER_PATHS = NO;
				ASSETCATALOG_COMPILER_GENERATE_SWIFT_ASSET_SYMBOL_EXTENSIONS = YES;
				CLANG_ANALYZER_NONNULL = YES;
				CLANG_ENABLE_MODULES = YES;
				CLANG_ENABLE_OBJC_ARC = YES;
				CLANG_ENABLE_OBJC_WEAK = YES;
				COPY_PHASE_STRIP = NO;
				ENABLE_STRICT_OBJC_MSGSEND = YES;
				DEBUG_INFORMATION_FORMAT = "dwarf-with-dsym";
				ENABLE_NS_ASSERTIONS = NO;
				SWIFT_COMPILATION_MODE = wholemodule;
				IPHONEOS_DEPLOYMENT_TARGET = 17.0;
				SDKROOT = iphoneos;
			};
			name = Release;
		};
/* End XCBuildConfiguration section */

/* Begin XCConfigurationList section */
		D4E5CD8C022AE3C940E19F37 /* Build configuration list for PBXNativeTarget "AskTheDuck" */ = {
			isa = XCConfigurationList;
			buildConfigurations = (
				98EEFF5EB4FE51A871052A3C /* Debug */,
				D48266A61060291B824A8D5B /* Release */,
			);
			defaultConfigurationIsVisible = 0;
			defaultConfigurationName = Release;
		};
		8B759407ADAB17A1BA7DFDB2 /* Build configuration list for PBXProject "AskTheDuck" */ = {
			isa = XCConfigurationList;
			buildConfigurations = (
				171328C590183EB8F65FF0DC /* Debug */,
				F221335609746F2CA314C9C7 /* Release */,
			);
			defaultConfigurationIsVisible = 0;
			defaultConfigurationName = Release;
		};
/* End XCConfigurationList section */
	};
	rootObject = FD289B6AAE9329D5471442BA /* Project object */;
}
