// !$*UTF8*$!
{
	archiveVersion = 1;
	classes = {
	};
	objectVersion = 56;
	objects = {

/* Begin PBXBuildFile section */
		BDE9A8B1BCB175888B315466 /* AskTheDuckApp.swift in Sources */ = {isa = PBXBuildFile; fileRef = A50CB5384CB1EF4FA8C7B662 /* AskTheDuckApp.swift */; };
		9AA5287E58AC52BC34AB55CE /* PoolDuckTheme.swift in Sources */ = {isa = PBXBuildFile; fileRef = 9BD14D7E57A8667DE4348322 /* PoolDuckTheme.swift */; };
		82B92A63D24D0DB9FADFBF7B /* ProblemType.swift in Sources */ = {isa = PBXBuildFile; fileRef = D0010EBB9FD1F5FEFB215864 /* ProblemType.swift */; };
		490E7186A5DF183DFD78D74E /* Message.swift in Sources */ = {isa = PBXBuildFile; fileRef = 602DC001BB408516B79C087A /* Message.swift */; };
		DB150FC806083D1EB8A7A4E5 /* CustomerInfo.swift in Sources */ = {isa = PBXBuildFile; fileRef = 6103BC42087A185734E9CEF2 /* CustomerInfo.swift */; };
		7FF12396EC1B34E9BDFCF34D /* Ticket.swift in Sources */ = {isa = PBXBuildFile; fileRef = 500B3B32D8A3A1758DC7D14B /* Ticket.swift */; };
		E94398F0FE56FCD93910F45D /* ServiceRecord.swift in Sources */ = {isa = PBXBuildFile; fileRef = F33812CE83E31F924012A14F /* ServiceRecord.swift */; };
		DE0AB4E942D2FD37E64787A7 /* Quote.swift in Sources */ = {isa = PBXBuildFile; fileRef = AD1A1B3543BEB56EAA1DDFEA /* Quote.swift */; };
		EC1D2B9FACAEE7F5BDF9F60E /* ClaudeService.swift in Sources */ = {isa = PBXBuildFile; fileRef = 5399F8B4B7DCB9E1B32A17F2 /* ClaudeService.swift */; };
		9243B885A758E463264C6621 /* SpeechService.swift in Sources */ = {isa = PBXBuildFile; fileRef = 90B8FF984B50296EC7925176 /* SpeechService.swift */; };
		9B40A686344BE66C22DE78D7 /* AuthService.swift in Sources */ = {isa = PBXBuildFile; fileRef = 849545CDD9F581366D3CC390 /* AuthService.swift */; };
		63E87FA393F8C7029E07DBFB /* MediaService.swift in Sources */ = {isa = PBXBuildFile; fileRef = 23122E5ED4DAA7ED216F4288 /* MediaService.swift */; };
		147F6D66F3F154D8F337DFA3 /* TicketStore.swift in Sources */ = {isa = PBXBuildFile; fileRef = B5DAEEEBC79E508985068452 /* TicketStore.swift */; };
		8BEF3FCB5238B230D4A4529C /* HistoryStore.swift in Sources */ = {isa = PBXBuildFile; fileRef = 358C3DEBC0135EDB426F107F /* HistoryStore.swift */; };
		556B557522F02D5DCD18EE54 /* QuoteStore.swift in Sources */ = {isa = PBXBuildFile; fileRef = 368DC29376E2E3112FEF442E /* QuoteStore.swift */; };
		702CCC1AEE5FF2704F6DFA2D /* QuoteService.swift in Sources */ = {isa = PBXBuildFile; fileRef = BFE636089BDA0C2DBE08A75C /* QuoteService.swift */; };
		0D843D94745367C8CE2C9C70 /* PoolDuckPlaybook.swift in Sources */ = {isa = PBXBuildFile; fileRef = 5C649FE005726A8A84BE7D73 /* PoolDuckPlaybook.swift */; };
		A0798AD43ED87B9187722333 /* AuthViewModel.swift in Sources */ = {isa = PBXBuildFile; fileRef = 38B48F2748DB8707C8606737 /* AuthViewModel.swift */; };
		EC5F1A332C39D39ED1515DD7 /* ChatViewModel.swift in Sources */ = {isa = PBXBuildFile; fileRef = FEFBD06951C67C855C5EEE42 /* ChatViewModel.swift */; };
		91769711E690EE0585AFEB64 /* AdminViewModel.swift in Sources */ = {isa = PBXBuildFile; fileRef = 6ED89695A86901C303616BD0 /* AdminViewModel.swift */; };
		61E228D735EC1EA7E527B9C7 /* LoginView.swift in Sources */ = {isa = PBXBuildFile; fileRef = 6F1CEDC5E4ADAB25FA903CB5 /* LoginView.swift */; };
		BCF4D9E012F581DE84FCDC5A /* HomeView.swift in Sources */ = {isa = PBXBuildFile; fileRef = E08145FE047972C830C323B9 /* HomeView.swift */; };
		19D144A7225EF3F8CC73F286 /* ChatView.swift in Sources */ = {isa = PBXBuildFile; fileRef = 7019278BB2EC643E2398E0E8 /* ChatView.swift */; };
		0CBF1246DD10286747B98CBE /* MediaPickers.swift in Sources */ = {isa = PBXBuildFile; fileRef = 3380B516ACB2538760F13543 /* MediaPickers.swift */; };
		D95358169A99ABAEDF2F159F /* CustomerInfoView.swift in Sources */ = {isa = PBXBuildFile; fileRef = DDAB18B73EDB23267CCF8167 /* CustomerInfoView.swift */; };
		9F31AF03F3809FFA69F434EB /* EscalateView.swift in Sources */ = {isa = PBXBuildFile; fileRef = D2F1632C5FAF090A348442B4 /* EscalateView.swift */; };
		1C5BDF48A5831BE9CBD96673 /* AdminPanelView.swift in Sources */ = {isa = PBXBuildFile; fileRef = 7445A4D4110A71C1BD117F0F /* AdminPanelView.swift */; };
		68AC7E9505F1EBC4047CCC16 /* TicketDetailView.swift in Sources */ = {isa = PBXBuildFile; fileRef = 95967056E59848421241861B /* TicketDetailView.swift */; };
		1712FF5B20CC60DA59060093 /* DuckLogo.swift in Sources */ = {isa = PBXBuildFile; fileRef = 377C24531CD6C91CD664000F /* DuckLogo.swift */; };
		CCE1D7750666924722178A5A /* Assets.xcassets in Resources */ = {isa = PBXBuildFile; fileRef = D8C16E3AB091410C0C5BFCFC /* Assets.xcassets */; };
/* End PBXBuildFile section */

/* Begin PBXFrameworksBuildPhase section */
		54B57931AA46DE0F828F8C38 /* Frameworks */ = {
			isa = PBXFrameworksBuildPhase;
			buildActionMask = 2147483647;
			files = (
			);
			runOnlyForDeploymentPostprocessing = 0;
		};
/* End PBXFrameworksBuildPhase section */

/* Begin PBXFileReference section */
		A50CB5384CB1EF4FA8C7B662 /* AskTheDuckApp.swift */ = {isa = PBXFileReference; lastKnownFileType = sourcecode.swift; path = AskTheDuckApp.swift; sourceTree = "<group>"; };
		9BD14D7E57A8667DE4348322 /* PoolDuckTheme.swift */ = {isa = PBXFileReference; lastKnownFileType = sourcecode.swift; path = PoolDuckTheme.swift; sourceTree = "<group>"; };
		D0010EBB9FD1F5FEFB215864 /* ProblemType.swift */ = {isa = PBXFileReference; lastKnownFileType = sourcecode.swift; path = ProblemType.swift; sourceTree = "<group>"; };
		602DC001BB408516B79C087A /* Message.swift */ = {isa = PBXFileReference; lastKnownFileType = sourcecode.swift; path = Message.swift; sourceTree = "<group>"; };
		6103BC42087A185734E9CEF2 /* CustomerInfo.swift */ = {isa = PBXFileReference; lastKnownFileType = sourcecode.swift; path = CustomerInfo.swift; sourceTree = "<group>"; };
		500B3B32D8A3A1758DC7D14B /* Ticket.swift */ = {isa = PBXFileReference; lastKnownFileType = sourcecode.swift; path = Ticket.swift; sourceTree = "<group>"; };
		F33812CE83E31F924012A14F /* ServiceRecord.swift */ = {isa = PBXFileReference; lastKnownFileType = sourcecode.swift; path = ServiceRecord.swift; sourceTree = "<group>"; };
		AD1A1B3543BEB56EAA1DDFEA /* Quote.swift */ = {isa = PBXFileReference; lastKnownFileType = sourcecode.swift; path = Quote.swift; sourceTree = "<group>"; };
		5399F8B4B7DCB9E1B32A17F2 /* ClaudeService.swift */ = {isa = PBXFileReference; lastKnownFileType = sourcecode.swift; path = ClaudeService.swift; sourceTree = "<group>"; };
		90B8FF984B50296EC7925176 /* SpeechService.swift */ = {isa = PBXFileReference; lastKnownFileType = sourcecode.swift; path = SpeechService.swift; sourceTree = "<group>"; };
		849545CDD9F581366D3CC390 /* AuthService.swift */ = {isa = PBXFileReference; lastKnownFileType = sourcecode.swift; path = AuthService.swift; sourceTree = "<group>"; };
		23122E5ED4DAA7ED216F4288 /* MediaService.swift */ = {isa = PBXFileReference; lastKnownFileType = sourcecode.swift; path = MediaService.swift; sourceTree = "<group>"; };
		B5DAEEEBC79E508985068452 /* TicketStore.swift */ = {isa = PBXFileReference; lastKnownFileType = sourcecode.swift; path = TicketStore.swift; sourceTree = "<group>"; };
		358C3DEBC0135EDB426F107F /* HistoryStore.swift */ = {isa = PBXFileReference; lastKnownFileType = sourcecode.swift; path = HistoryStore.swift; sourceTree = "<group>"; };
		368DC29376E2E3112FEF442E /* QuoteStore.swift */ = {isa = PBXFileReference; lastKnownFileType = sourcecode.swift; path = QuoteStore.swift; sourceTree = "<group>"; };
		BFE636089BDA0C2DBE08A75C /* QuoteService.swift */ = {isa = PBXFileReference; lastKnownFileType = sourcecode.swift; path = QuoteService.swift; sourceTree = "<group>"; };
		5C649FE005726A8A84BE7D73 /* PoolDuckPlaybook.swift */ = {isa = PBXFileReference; lastKnownFileType = sourcecode.swift; path = PoolDuckPlaybook.swift; sourceTree = "<group>"; };
		38B48F2748DB8707C8606737 /* AuthViewModel.swift */ = {isa = PBXFileReference; lastKnownFileType = sourcecode.swift; path = AuthViewModel.swift; sourceTree = "<group>"; };
		FEFBD06951C67C855C5EEE42 /* ChatViewModel.swift */ = {isa = PBXFileReference; lastKnownFileType = sourcecode.swift; path = ChatViewModel.swift; sourceTree = "<group>"; };
		6ED89695A86901C303616BD0 /* AdminViewModel.swift */ = {isa = PBXFileReference; lastKnownFileType = sourcecode.swift; path = AdminViewModel.swift; sourceTree = "<group>"; };
		6F1CEDC5E4ADAB25FA903CB5 /* LoginView.swift */ = {isa = PBXFileReference; lastKnownFileType = sourcecode.swift; path = LoginView.swift; sourceTree = "<group>"; };
		E08145FE047972C830C323B9 /* HomeView.swift */ = {isa = PBXFileReference; lastKnownFileType = sourcecode.swift; path = HomeView.swift; sourceTree = "<group>"; };
		7019278BB2EC643E2398E0E8 /* ChatView.swift */ = {isa = PBXFileReference; lastKnownFileType = sourcecode.swift; path = ChatView.swift; sourceTree = "<group>"; };
		3380B516ACB2538760F13543 /* MediaPickers.swift */ = {isa = PBXFileReference; lastKnownFileType = sourcecode.swift; path = MediaPickers.swift; sourceTree = "<group>"; };
		DDAB18B73EDB23267CCF8167 /* CustomerInfoView.swift */ = {isa = PBXFileReference; lastKnownFileType = sourcecode.swift; path = CustomerInfoView.swift; sourceTree = "<group>"; };
		D2F1632C5FAF090A348442B4 /* EscalateView.swift */ = {isa = PBXFileReference; lastKnownFileType = sourcecode.swift; path = EscalateView.swift; sourceTree = "<group>"; };
		7445A4D4110A71C1BD117F0F /* AdminPanelView.swift */ = {isa = PBXFileReference; lastKnownFileType = sourcecode.swift; path = AdminPanelView.swift; sourceTree = "<group>"; };
		95967056E59848421241861B /* TicketDetailView.swift */ = {isa = PBXFileReference; lastKnownFileType = sourcecode.swift; path = TicketDetailView.swift; sourceTree = "<group>"; };
		377C24531CD6C91CD664000F /* DuckLogo.swift */ = {isa = PBXFileReference; lastKnownFileType = sourcecode.swift; path = DuckLogo.swift; sourceTree = "<group>"; };
		D8C16E3AB091410C0C5BFCFC /* Assets.xcassets */ = {isa = PBXFileReference; lastKnownFileType = folder.assetcatalog; path = Assets.xcassets; sourceTree = "<group>"; };
		42827AF5183196EFC95E84B3 /* Info.plist */ = {isa = PBXFileReference; lastKnownFileType = text.plist.xml; path = Info.plist; sourceTree = "<group>"; };
		5C0879AA7DC656C879F07144 /* AskTheDuck.app */ = {isa = PBXFileReference; explicitFileType = wrapper.application; includeInIndex = 0; path = AskTheDuck.app; sourceTree = BUILT_PRODUCTS_DIR; };
/* End PBXFileReference section */

/* Begin PBXGroup section */
		70E633F470A7D3FE77882292 = {
			isa = PBXGroup;
			children = (
				D6F4B262822FD7E3D827A643 /* AskTheDuck */,
				13D92CB572A01AE6D86257B3 /* Products */,
			);
			sourceTree = "<group>";
		};
		D6F4B262822FD7E3D827A643 /* AskTheDuck */ = {
			isa = PBXGroup;
			children = (
				A50CB5384CB1EF4FA8C7B662 /* AskTheDuckApp.swift */,
				670FB1A1A48D6B67309A9B1C /* Theme */,
				2A006AA96BD682E126D9891D /* Models */,
				1F8D886CC84671077080F94E /* Services */,
				DBB4CC218C4903ED296E83EE /* ViewModels */,
				71CE0A2F376C424EF68C7389 /* Views */,
				D8C16E3AB091410C0C5BFCFC /* Assets.xcassets */,
				42827AF5183196EFC95E84B3 /* Info.plist */,
			);
			path = AskTheDuck;
			sourceTree = "<group>";
		};
		670FB1A1A48D6B67309A9B1C /* Theme */ = {
			isa = PBXGroup;
			children = (
				9BD14D7E57A8667DE4348322 /* PoolDuckTheme.swift */,
			);
			path = Theme;
			sourceTree = "<group>";
		};
		2A006AA96BD682E126D9891D /* Models */ = {
			isa = PBXGroup;
			children = (
				D0010EBB9FD1F5FEFB215864 /* ProblemType.swift */,
				602DC001BB408516B79C087A /* Message.swift */,
				6103BC42087A185734E9CEF2 /* CustomerInfo.swift */,
				500B3B32D8A3A1758DC7D14B /* Ticket.swift */,
				F33812CE83E31F924012A14F /* ServiceRecord.swift */,
				AD1A1B3543BEB56EAA1DDFEA /* Quote.swift */,
			);
			path = Models;
			sourceTree = "<group>";
		};
		1F8D886CC84671077080F94E /* Services */ = {
			isa = PBXGroup;
			children = (
				5399F8B4B7DCB9E1B32A17F2 /* ClaudeService.swift */,
				90B8FF984B50296EC7925176 /* SpeechService.swift */,
				849545CDD9F581366D3CC390 /* AuthService.swift */,
				23122E5ED4DAA7ED216F4288 /* MediaService.swift */,
				B5DAEEEBC79E508985068452 /* TicketStore.swift */,
				358C3DEBC0135EDB426F107F /* HistoryStore.swift */,
				368DC29376E2E3112FEF442E /* QuoteStore.swift */,
				BFE636089BDA0C2DBE08A75C /* QuoteService.swift */,
				5C649FE005726A8A84BE7D73 /* PoolDuckPlaybook.swift */,
			);
			path = Services;
			sourceTree = "<group>";
		};
		DBB4CC218C4903ED296E83EE /* ViewModels */ = {
			isa = PBXGroup;
			children = (
				38B48F2748DB8707C8606737 /* AuthViewModel.swift */,
				FEFBD06951C67C855C5EEE42 /* ChatViewModel.swift */,
				6ED89695A86901C303616BD0 /* AdminViewModel.swift */,
			);
			path = ViewModels;
			sourceTree = "<group>";
		};
		71CE0A2F376C424EF68C7389 /* Views */ = {
			isa = PBXGroup;
			children = (
				6F1CEDC5E4ADAB25FA903CB5 /* LoginView.swift */,
				E08145FE047972C830C323B9 /* HomeView.swift */,
				7019278BB2EC643E2398E0E8 /* ChatView.swift */,
				3380B516ACB2538760F13543 /* MediaPickers.swift */,
				DDAB18B73EDB23267CCF8167 /* CustomerInfoView.swift */,
				D2F1632C5FAF090A348442B4 /* EscalateView.swift */,
				7445A4D4110A71C1BD117F0F /* AdminPanelView.swift */,
				95967056E59848421241861B /* TicketDetailView.swift */,
				0828C225E1B5B2E7851A6E9F /* Components */,
			);
			path = Views;
			sourceTree = "<group>";
		};
		0828C225E1B5B2E7851A6E9F /* Components */ = {
			isa = PBXGroup;
			children = (
				377C24531CD6C91CD664000F /* DuckLogo.swift */,
			);
			path = Components;
			sourceTree = "<group>";
		};
		13D92CB572A01AE6D86257B3 /* Products */ = {
			isa = PBXGroup;
			children = (
				5C0879AA7DC656C879F07144 /* AskTheDuck.app */,
			);
			name = Products;
			sourceTree = "<group>";
		};
/* End PBXGroup section */

/* Begin PBXNativeTarget section */
		396604BD866FC1851C053164 /* AskTheDuck */ = {
			isa = PBXNativeTarget;
			buildConfigurationList = 194C2BF997C0A3277EF7A50B /* Build configuration list for PBXNativeTarget "AskTheDuck" */;
			buildPhases = (
				2F2E6679FCA1C1CF97498B16 /* Sources */,
				54B57931AA46DE0F828F8C38 /* Frameworks */,
				36DFFA86D39BAA0F9EA0C124 /* Resources */,
			);
			buildRules = (
			);
			dependencies = (
			);
			name = AskTheDuck;
			productName = AskTheDuck;
			productReference = 5C0879AA7DC656C879F07144 /* AskTheDuck.app */;
			productType = "com.apple.product-type.application";
		};
/* End PBXNativeTarget section */

/* Begin PBXProject section */
		4B62988C164DBA33776BE59F /* Project object */ = {
			isa = PBXProject;
			attributes = {
				BuildIndependentTargetsInParallel = 1;
				LastSwiftUpdateCheck = 1530;
				LastUpgradeCheck = 1530;
				TargetAttributes = {
					396604BD866FC1851C053164 = {
						CreatedOnToolsVersion = 15.3;
					};
				};
			};
			buildConfigurationList = 72B979429AF96A312441DD68 /* Build configuration list for PBXProject "AskTheDuck" */;
			compatibilityVersion = "Xcode 15.0";
			developmentRegion = en;
			hasScannedForEncodings = 0;
			knownRegions = (
				en,
				Base,
			);
			mainGroup = 70E633F470A7D3FE77882292;
			productRefGroup = 13D92CB572A01AE6D86257B3 /* Products */;
			projectDirPath = "";
			projectRoot = "";
			targets = (
				396604BD866FC1851C053164 /* AskTheDuck */,
			);
		};
/* End PBXProject section */

/* Begin PBXResourcesBuildPhase section */
		36DFFA86D39BAA0F9EA0C124 /* Resources */ = {
			isa = PBXResourcesBuildPhase;
			buildActionMask = 2147483647;
			files = (
				CCE1D7750666924722178A5A /* Assets.xcassets in Resources */,
			);
			runOnlyForDeploymentPostprocessing = 0;
		};
/* End PBXResourcesBuildPhase section */

/* Begin PBXSourcesBuildPhase section */
		2F2E6679FCA1C1CF97498B16 /* Sources */ = {
			isa = PBXSourcesBuildPhase;
			buildActionMask = 2147483647;
			files = (
				BDE9A8B1BCB175888B315466 /* AskTheDuckApp.swift in Sources */,
				9AA5287E58AC52BC34AB55CE /* PoolDuckTheme.swift in Sources */,
				82B92A63D24D0DB9FADFBF7B /* ProblemType.swift in Sources */,
				490E7186A5DF183DFD78D74E /* Message.swift in Sources */,
				DB150FC806083D1EB8A7A4E5 /* CustomerInfo.swift in Sources */,
				7FF12396EC1B34E9BDFCF34D /* Ticket.swift in Sources */,
				E94398F0FE56FCD93910F45D /* ServiceRecord.swift in Sources */,
				DE0AB4E942D2FD37E64787A7 /* Quote.swift in Sources */,
				EC1D2B9FACAEE7F5BDF9F60E /* ClaudeService.swift in Sources */,
				9243B885A758E463264C6621 /* SpeechService.swift in Sources */,
				9B40A686344BE66C22DE78D7 /* AuthService.swift in Sources */,
				63E87FA393F8C7029E07DBFB /* MediaService.swift in Sources */,
				147F6D66F3F154D8F337DFA3 /* TicketStore.swift in Sources */,
				8BEF3FCB5238B230D4A4529C /* HistoryStore.swift in Sources */,
				556B557522F02D5DCD18EE54 /* QuoteStore.swift in Sources */,
				702CCC1AEE5FF2704F6DFA2D /* QuoteService.swift in Sources */,
				0D843D94745367C8CE2C9C70 /* PoolDuckPlaybook.swift in Sources */,
				A0798AD43ED87B9187722333 /* AuthViewModel.swift in Sources */,
				EC5F1A332C39D39ED1515DD7 /* ChatViewModel.swift in Sources */,
				91769711E690EE0585AFEB64 /* AdminViewModel.swift in Sources */,
				61E228D735EC1EA7E527B9C7 /* LoginView.swift in Sources */,
				BCF4D9E012F581DE84FCDC5A /* HomeView.swift in Sources */,
				19D144A7225EF3F8CC73F286 /* ChatView.swift in Sources */,
				0CBF1246DD10286747B98CBE /* MediaPickers.swift in Sources */,
				D95358169A99ABAEDF2F159F /* CustomerInfoView.swift in Sources */,
				9F31AF03F3809FFA69F434EB /* EscalateView.swift in Sources */,
				1C5BDF48A5831BE9CBD96673 /* AdminPanelView.swift in Sources */,
				68AC7E9505F1EBC4047CCC16 /* TicketDetailView.swift in Sources */,
				1712FF5B20CC60DA59060093 /* DuckLogo.swift in Sources */,
			);
			runOnlyForDeploymentPostprocessing = 0;
		};
/* End PBXSourcesBuildPhase section */

/* Begin XCBuildConfiguration section */
		44F318E3E03490FD755F5B26 /* Debug */ = {
			isa = XCBuildConfiguration;
			buildSettings = {
				ASSETCATALOG_COMPILER_APPICON_NAME = AppIcon;
				ASSETCATALOG_COMPILER_GLOBAL_ACCENT_COLOR_NAME = AccentColor;
				CODE_SIGN_STYLE = Automatic;
				CURRENT_PROJECT_VERSION = 1;
				DEVELOPMENT_ASSET_PATHS = "";
				ENABLE_PREVIEWS = YES;
				GENERATE_INFOPLIST_FILE = NO;
				INFOPLIST_FILE = AskTheDuck/Info.plist;
				IPHONEOS_DEPLOYMENT_TARGET = 17.0;
				LD_RUNPATH_SEARCH_PATHS = (
					"$(inherited)",
					"@executable_path/Frameworks",
				);
				MARKETING_VERSION = 1.0;
				PRODUCT_BUNDLE_IDENTIFIER = "com.poolduck.asktheduck";
				PRODUCT_NAME = "$(TARGET_NAME)";
				SUPPORTED_PLATFORMS = "iphoneos iphonesimulator";
				SUPPORTS_MACCATALYST = NO;
				SUPPORTS_MAC_DESIGNED_FOR_IPHONE_IPAD = NO;
				SWIFT_EMIT_LOC_STRINGS = YES;
				SWIFT_VERSION = 5.0;
				TARGETED_DEVICE_FAMILY = "1,2";
			};
			name = Debug;
		};
		EC5819A923CD7DE27D989D54 /* Release */ = {
			isa = XCBuildConfiguration;
			buildSettings = {
				ASSETCATALOG_COMPILER_APPICON_NAME = AppIcon;
				ASSETCATALOG_COMPILER_GLOBAL_ACCENT_COLOR_NAME = AccentColor;
				CODE_SIGN_STYLE = Automatic;
				CURRENT_PROJECT_VERSION = 1;
				DEVELOPMENT_ASSET_PATHS = "";
				ENABLE_PREVIEWS = YES;
				GENERATE_INFOPLIST_FILE = NO;
				INFOPLIST_FILE = AskTheDuck/Info.plist;
				IPHONEOS_DEPLOYMENT_TARGET = 17.0;
				LD_RUNPATH_SEARCH_PATHS = (
					"$(inherited)",
					"@executable_path/Frameworks",
				);
				MARKETING_VERSION = 1.0;
				PRODUCT_BUNDLE_IDENTIFIER = "com.poolduck.asktheduck";
				PRODUCT_NAME = "$(TARGET_NAME)";
				SUPPORTED_PLATFORMS = "iphoneos iphonesimulator";
				SUPPORTS_MACCATALYST = NO;
				SUPPORTS_MAC_DESIGNED_FOR_IPHONE_IPAD = NO;
				SWIFT_EMIT_LOC_STRINGS = YES;
				SWIFT_VERSION = 5.0;
				TARGETED_DEVICE_FAMILY = "1,2";
			};
			name = Release;
		};
		7B1CB4343C4B92FA990C3EE5 /* Debug */ = {
			isa = XCBuildConfiguration;
			buildSettings = {
				ALWAYS_SEARCH_USER_PATHS = NO;
				ASSETCATALOG_COMPILER_GENERATE_SWIFT_ASSET_SYMBOL_EXTENSIONS = YES;
				CLANG_ANALYZER_NONNULL = YES;
				CLANG_ENABLE_MODULES = YES;
				CLANG_ENABLE_OBJC_ARC = YES;
				CLANG_ENABLE_OBJC_WEAK = YES;
				COPY_PHASE_STRIP = NO;
				ENABLE_STRICT_OBJC_MSGSEND = YES;
				DEBUG_INFORMATION_FORMAT = dwarf;
				ENABLE_TESTABILITY = YES;
				GCC_DYNAMIC_NO_PIC = NO;
				GCC_OPTIMIZATION_LEVEL = 0;
				GCC_PREPROCESSOR_DEFINITIONS = (
					"DEBUG=1",
					"$(inherited)",
				);
				ONLY_ACTIVE_ARCH = YES;
				SWIFT_ACTIVE_COMPILATION_CONDITIONS = "DEBUG $(inherited)";
				SWIFT_OPTIMIZATION_LEVEL = "-Onone";
				IPHONEOS_DEPLOYMENT_TARGET = 17.0;
				SDKROOT = iphoneos;
			};
			name = Debug;
		};
		BEF10AB17616E67CC1CD3077 /* Release */ = {
			isa = XCBuildConfiguration;
			buildSettings = {
				ALWAYS_SEARCH_USER_PATHS = NO;
				ASSETCATALOG_COMPILER_GENERATE_SWIFT_ASSET_SYMBOL_EXTENSIONS = YES;
				CLANG_ANALYZER_NONNULL = YES;
				CLANG_ENABLE_MODULES = YES;
				CLANG_ENABLE_OBJC_ARC = YES;
				CLANG_ENABLE_OBJC_WEAK = YES;
				COPY_PHASE_STRIP = NO;
				ENABLE_STRICT_OBJC_MSGSEND = YES;
				DEBUG_INFORMATION_FORMAT = "dwarf-with-dsym";
				ENABLE_NS_ASSERTIONS = NO;
				SWIFT_COMPILATION_MODE = wholemodule;
				IPHONEOS_DEPLOYMENT_TARGET = 17.0;
				SDKROOT = iphoneos;
			};
			name = Release;
		};
/* End XCBuildConfiguration section */

/* Begin XCConfigurationList section */
		194C2BF997C0A3277EF7A50B /* Build configuration list for PBXNativeTarget "AskTheDuck" */ = {
			isa = XCConfigurationList;
			buildConfigurations = (
				44F318E3E03490FD755F5B26 /* Debug */,
				EC5819A923CD7DE27D989D54 /* Release */,
			);
			defaultConfigurationIsVisible = 0;
			defaultConfigurationName = Release;
		};
		72B979429AF96A312441DD68 /* Build configuration list for PBXProject "AskTheDuck" */ = {
			isa = XCConfigurationList;
			buildConfigurations = (
				7B1CB4343C4B92FA990C3EE5 /* Debug */,
				BEF10AB17616E67CC1CD3077 /* Release */,
			);
			defaultConfigurationIsVisible = 0;
			defaultConfigurationName = Release;
		};
/* End XCConfigurationList section */
	};
	rootObject = 4B62988C164DBA33776BE59F /* Project object */;
}
